
Microsoft Visual Studio Solution File, Format Version 12.00
# Visual Studio Version 17
VisualStudioVersion = 17.2.32526.322
MinimumVisualStudioVersion = 10.0.40219.1
Project("{FAE04EC0-301F-11D3-BF4B-00C04F79EFBC}") = "Notes.Identity", "Notes.Identity\Notes.Identity.csproj", "{5D9D4BB7-D323-4D79-A81D-2F31549EF689}"
EndProject
Global
	GlobalSection(SolutionConfigurationPlatforms) = preSolution
		Debug|Any CPU = Debug|Any CPU
		Release|Any CPU = Release|Any CPU
	EndGlobalSection
	GlobalSection(ProjectConfigurationPlatforms) = postSolution
		{5D9D4BB7-D323-4D79-A81D-2F31549EF689}.Debug|Any CPU.ActiveCfg = Debug|Any CPU
		{5D9D4BB7-D323-4D79-A81D-2F31549EF689}.Debug|Any CPU.Build.0 = Debug|Any CPU
		{5D9D4BB7-D323-4D79-A81D-2F31549EF689}.Release|Any CPU.ActiveCfg = Release|Any CPU
		{5D9D4BB7-D323-4D79-A81D-2F31549EF689}.Release|Any CPU.Build.0 = Release|Any CPU
	EndGlobalSection
	GlobalSection(SolutionProperties) = preSolution
		HideSolutionNode = FALSE
	EndGlobalSection
	GlobalSection(ExtensibilityGlobals) = postSolution
		SolutionGuid = {15B94672-3820-464F-87D2-65E6A506712D}
	EndGlobalSection
EndGlobal
