
Microsoft Visual Studio Solution File, Format Version 12.00
# Visual Studio Version 17
VisualStudioVersion = 17.0.32014.148
MinimumVisualStudioVersion = 10.0.40219.1
Project("{2150E333-8FDC-42A3-9474-1A3956D46DE8}") = "Core", "Core", "{B8F041FA-DB5A-44A9-AE40-4B888ED40A52}"
EndProject
Project("{2150E333-8FDC-42A3-9474-1A3956D46DE8}") = "Infrastructure", "Infrastructure", "{28149C4A-263E-4043-9780-7E5CE3BABC36}"
EndProject
Project("{2150E333-8FDC-42A3-9474-1A3956D46DE8}") = "Test", "Test", "{A1F253E5-3B36-4A53-8615-BE71EF300EDE}"
EndProject
Project("{2150E333-8FDC-42A3-9474-1A3956D46DE8}") = "Presentation", "Presentation", "{BF222FF3-2047-424F-A8A3-6A22D2FF7F1C}"
EndProject
Project("{9A19103F-16F7-4668-BE54-9A1E7A4F7556}") = "Notes.Domain", "Notes.Domain\Notes.Domain.csproj", "{A094EB38-C321-4217-BD4C-2F8C6E578BCF}"
EndProject
Project("{9A19103F-16F7-4668-BE54-9A1E7A4F7556}") = "Notes.Application", "Notes.Application\Notes.Application.csproj", "{91D0CA08-09E5-4153-816B-D58E27FD98AA}"
EndProject
Project("{9A19103F-16F7-4668-BE54-9A1E7A4F7556}") = "Notes.WebApi", "Notes.WebApi\Notes.WebApi.csproj", "{85AEBCBE-9EE7-4B49-B9D7-752F30174D30}"
EndProject
Project("{9A19103F-16F7-4668-BE54-9A1E7A4F7556}") = "Notes.Persistence", "Notes.Persistence\Notes.Persistence.csproj", "{F33C28D0-9DB8-4FAF-8539-996649184460}"
EndProject
Project("{2150E333-8FDC-42A3-9474-1A3956D46DE8}") = "Solution Items", "Solution Items", "{A69D5D0F-A932-4274-9B37-26C6FC64DE23}"
	ProjectSection(SolutionItems) = preProject
		.editorconfig = .editorconfig
	EndProjectSection
EndProject
Global
	GlobalSection(SolutionConfigurationPlatforms) = preSolution
		Debug|Any CPU = Debug|Any CPU
		Release|Any CPU = Release|Any CPU
	EndGlobalSection
	GlobalSection(ProjectConfigurationPlatforms) = postSolution
		{A094EB38-C321-4217-BD4C-2F8C6E578BCF}.Debug|Any CPU.ActiveCfg = Debug|Any CPU
		{A094EB38-C321-4217-BD4C-2F8C6E578BCF}.Debug|Any CPU.Build.0 = Debug|Any CPU
		{A094EB38-C321-4217-BD4C-2F8C6E578BCF}.Release|Any CPU.ActiveCfg = Release|Any CPU
		{A094EB38-C321-4217-BD4C-2F8C6E578BCF}.Release|Any CPU.Build.0 = Release|Any CPU
		{91D0CA08-09E5-4153-816B-D58E27FD98AA}.Debug|Any CPU.ActiveCfg = Debug|Any CPU
		{91D0CA08-09E5-4153-816B-D58E27FD98AA}.Debug|Any CPU.Build.0 = Debug|Any CPU
		{91D0CA08-09E5-4153-816B-D58E27FD98AA}.Release|Any CPU.ActiveCfg = Release|Any CPU
		{91D0CA08-09E5-4153-816B-D58E27FD98AA}.Release|Any CPU.Build.0 = Release|Any CPU
		{85AEBCBE-9EE7-4B49-B9D7-752F30174D30}.Debug|Any CPU.ActiveCfg = Debug|Any CPU
		{85AEBCBE-9EE7-4B49-B9D7-752F30174D30}.Debug|Any CPU.Build.0 = Debug|Any CPU
		{85AEBCBE-9EE7-4B49-B9D7-752F30174D30}.Release|Any CPU.ActiveCfg = Release|Any CPU
		{85AEBCBE-9EE7-4B49-B9D7-752F30174D30}.Release|Any CPU.Build.0 = Release|Any CPU
		{F33C28D0-9DB8-4FAF-8539-996649184460}.Debug|Any CPU.ActiveCfg = Debug|Any CPU
		{F33C28D0-9DB8-4FAF-8539-996649184460}.Debug|Any CPU.Build.0 = Debug|Any CPU
		{F33C28D0-9DB8-4FAF-8539-996649184460}.Release|Any CPU.ActiveCfg = Release|Any CPU
		{F33C28D0-9DB8-4FAF-8539-996649184460}.Release|Any CPU.Build.0 = Release|Any CPU
	EndGlobalSection
	GlobalSection(SolutionProperties) = preSolution
		HideSolutionNode = FALSE
	EndGlobalSection
	GlobalSection(NestedProjects) = preSolution
		{A094EB38-C321-4217-BD4C-2F8C6E578BCF} = {B8F041FA-DB5A-44A9-AE40-4B888ED40A52}
		{91D0CA08-09E5-4153-816B-D58E27FD98AA} = {B8F041FA-DB5A-44A9-AE40-4B888ED40A52}
		{85AEBCBE-9EE7-4B49-B9D7-752F30174D30} = {BF222FF3-2047-424F-A8A3-6A22D2FF7F1C}
		{F33C28D0-9DB8-4FAF-8539-996649184460} = {28149C4A-263E-4043-9780-7E5CE3BABC36}
	EndGlobalSection
	GlobalSection(ExtensibilityGlobals) = postSolution
		SolutionGuid = {B6289FF3-A7A1-48F4-A2AF-E286D603E26D}
	EndGlobalSection
EndGlobal
